
Microsoft Visual Studio Solution File, Format Version 12.00
# Visual Studio 15
VisualStudioVersion = 15.0.27428.2002
MinimumVisualStudioVersion = 10.0.40219.1
Project("{FAE04EC0-301F-11D3-BF4B-00C04F79EFBC}") = "DemoWebApp", "DemoWebApp\DemoWebApp.csproj", "{C2B20D46-B59C-4F66-838E-24D0242ADE2C}"
EndProject
Project("{FAE04EC0-301F-11D3-BF4B-00C04F79EFBC}") = "Mvc.Xss", "Mvc.Xss\Mvc.Xss.csproj", "{081C3453-710B-428D-9A9D-2453AB6A659F}"
EndProject
Global
	GlobalSection(SolutionConfigurationPlatforms) = preSolution
		Debug|Any CPU = Debug|Any CPU
		Release|Any CPU = Release|Any CPU
	EndGlobalSection
	GlobalSection(ProjectConfigurationPlatforms) = postSolution
		{C2B20D46-B59C-4F66-838E-24D0242ADE2C}.Debug|Any CPU.ActiveCfg = Debug|Any CPU
		{C2B20D46-B59C-4F66-838E-24D0242ADE2C}.Debug|Any CPU.Build.0 = Debug|Any CPU
		{C2B20D46-B59C-4F66-838E-24D0242ADE2C}.Release|Any CPU.ActiveCfg = Release|Any CPU
		{C2B20D46-B59C-4F66-838E-24D0242ADE2C}.Release|Any CPU.Build.0 = Release|Any CPU
		{081C3453-710B-428D-9A9D-2453AB6A659F}.Debug|Any CPU.ActiveCfg = Debug|Any CPU
		{081C3453-710B-428D-9A9D-2453AB6A659F}.Debug|Any CPU.Build.0 = Debug|Any CPU
		{081C3453-710B-428D-9A9D-2453AB6A659F}.Release|Any CPU.ActiveCfg = Release|Any CPU
		{081C3453-710B-428D-9A9D-2453AB6A659F}.Release|Any CPU.Build.0 = Release|Any CPU
	EndGlobalSection
	GlobalSection(SolutionProperties) = preSolution
		HideSolutionNode = FALSE
	EndGlobalSection
	GlobalSection(ExtensibilityGlobals) = postSolution
		SolutionGuid = {FBFF28EC-4693-43CF-8320-297BD9504536}
	EndGlobalSection
EndGlobal
